
Microsoft Visual Studio Solution File, Format Version 12.00
# Visual Studio 15
VisualStudioVersion = 15.0.27703.2042
MinimumVisualStudioVersion = 10.0.40219.1
Project("{FAE04EC0-301F-11D3-BF4B-00C04F79EFBC}") = "Day7 (Tanks)", "Day7 (Tanks)\Day7 (Tanks).csproj", "{C6E49685-B3FB-4F8B-A3E0-EB9D565105EC}"
EndProject
Project("{FAE04EC0-301F-11D3-BF4B-00C04F79EFBC}") = "MyClassLib", "MyClassLib\MyClassLib.csproj", "{F98C5DBD-7601-4611-9C87-754417C67320}"
EndProject
Global
	GlobalSection(SolutionConfigurationPlatforms) = preSolution
		Debug|Any CPU = Debug|Any CPU
		Release|Any CPU = Release|Any CPU
	EndGlobalSection
	GlobalSection(ProjectConfigurationPlatforms) = postSolution
		{C6E49685-B3FB-4F8B-A3E0-EB9D565105EC}.Debug|Any CPU.ActiveCfg = Debug|Any CPU
		{C6E49685-B3FB-4F8B-A3E0-EB9D565105EC}.Debug|Any CPU.Build.0 = Debug|Any CPU
		{C6E49685-B3FB-4F8B-A3E0-EB9D565105EC}.Release|Any CPU.ActiveCfg = Release|Any CPU
		{C6E49685-B3FB-4F8B-A3E0-EB9D565105EC}.Release|Any CPU.Build.0 = Release|Any CPU
		{F98C5DBD-7601-4611-9C87-754417C67320}.Debug|Any CPU.ActiveCfg = Debug|Any CPU
		{F98C5DBD-7601-4611-9C87-754417C67320}.Debug|Any CPU.Build.0 = Debug|Any CPU
		{F98C5DBD-7601-4611-9C87-754417C67320}.Release|Any CPU.ActiveCfg = Release|Any CPU
		{F98C5DBD-7601-4611-9C87-754417C67320}.Release|Any CPU.Build.0 = Release|Any CPU
	EndGlobalSection
	GlobalSection(SolutionProperties) = preSolution
		HideSolutionNode = FALSE
	EndGlobalSection
	GlobalSection(ExtensibilityGlobals) = postSolution
		SolutionGuid = {DA2E3C89-2FC9-44B9-8966-12A0D1DAFB04}
	EndGlobalSection
EndGlobal
